name: Developer Security & Code Authorization Guard

on:
  push:
    branches: [ main ]
  pull_request:
    branches: [ main ]

permissions:
  contents: read

jobs:
  verify-authorization:
    name: Verify Authorized Developer
    runs-on: ubuntu-latest
    timeout-minutes: 5
    steps:
      - name: Inspect Committer Identity
        run: |
          SENDER="$GITHUB_ACTOR"
          echo "Triggered by GitHub Actor: $SENDER"
          # Author email is freely spoofable; authorize the authenticated actor.
          if [ "$SENDER" = "livesoftix" ] || [ "$SENDER" = "github-actions[bot]" ]; then
            echo "✅ Verified: Authorized Developer (Engr. Humayun / LiveSoftix)"
            exit 0
          else
            echo "=========================================================================="
            echo "❌ ACCESS VIOLATION: Unauthorized modification attempt!"
            echo "User: '$SENDER'"
            echo "This codebase is locked and proprietary to Engr. Humayun (LiveSoftix)."
            echo "No other contributor is permitted to alter this repository."
            echo "=========================================================================="
            exit 1
          fi
